{
  "sources": {
    "yum": {
      "locked_version": "2.4.4"
    },
    "mysql": {
      "locked_version": "4.0.20"
    },
    "php": {
      "locked_version": "1.3.12"
    },
    "redisio": {
      "locked_version": "1.7.0"
    },
    "memcached": {
      "locked_version": "1.7.0"
    },
    "nginx": {
      "locked_version": "2.0.8"
    },
    "apache2": {
      "locked_version": "1.8.14"
    },
    "elasticsearch": {
      "locked_version": "0.3.7"
    },
    "jetty": {
      "locked_version": "0.2.0",
      "git": "git://github.com/inviqa/chef-jetty.git",
      "ref": "967f9ecb49c359b3b2b95ee80bab5f24ee18de7a"
    },
    "solr": {
      "locked_version": "1.0.0",
      "git": "git://github.com/inviqa/chef-solr.git",
      "ref": "d328b8de18f03ee7cf00f82b6f7a8ce0a3599b88"
    },
    "chef-varnish": {
      "locked_version": "1.0.3",
      "git": "git://github.com/inviqa/chef-varnish.git",
      "ref": "dcb5cfdf91006481f3e8b486975e9098c75f6713"
    },
    "config-driven-helper": {
      "locked_version": "1.0.0",
      "git": "git://github.com/inviqa/chef-config-driven-helper.git",
      "ref": "bb46302d3ef1cf34719c4aa945e151de662af493"
    },
    "openssl": {
      "locked_version": "1.1.0"
    },
    "build-essential": {
      "locked_version": "1.4.2"
    },
    "xml": {
      "locked_version": "1.2.0"
    },
    "yum-epel": {
      "locked_version": "0.2.0"
    },
    "windows": {
      "locked_version": "1.12.8"
    },
    "chef_handler": {
      "locked_version": "1.1.4"
    },
    "iis": {
      "locked_version": "2.0.0"
    },
    "ulimit": {
      "locked_version": "0.3.2"
    },
    "runit": {
      "locked_version": "1.5.8"
    },
    "apt": {
      "locked_version": "2.3.4"
    },
    "bluepill": {
      "locked_version": "2.3.1"
    },
    "rsyslog": {
      "locked_version": "1.10.2"
    },
    "ohai": {
      "locked_version": "1.1.12"
    },
    "java": {
      "locked_version": "1.19.2"
    },
    "monit": {
      "locked_version": "0.7.1"
    },
    "ark": {
      "locked_version": "0.4.2"
    },
    "iptables": {
      "locked_version": "0.12.0"
    }
  }
}
