DEPENDENCIES
  apache2 (~> 1.8.14)
  chef-varnish
    git: git://github.com/inviqa/chef-varnish.git
    revision: b648abfb373d3cdac67f89d89f14944a265657a0
    ref: 1.0.5
  config-driven-helper
    git: git://github.com/inviqa/chef-config-driven-helper.git
    revision: d806dbf088575ec5ccdb663b6ebb9aef0c9e0cfa
    ref: 1.4.0
  data-bag-merge (~> 0.2.4)
  elasticsearch (~> 0.3.7)
  jetty
    git: git://github.com/inviqa/chef-jetty.git
    revision: de58c6923d4c6387deabb7ace92ee051a408328d
    tag: 0.2
  memcached (~> 1.7.2)
  mysql (~> 4.0.20)
  nginx (= 2.4.2)
  php (~> 1.3.12)
  php-fpm
    git: git://github.com/inviqa/cookbook-php-fpm.git
    revision: 5a7c5b52ace100cd16f9b99543cbd809184a473b
    tag: 0.6.11
  project
    path: site-cookbooks/project
  redisio (~> 1.7.1)
  solr
    git: git://github.com/inviqa/chef-solr.git
    revision: da9112f7b6f330e9d04467b186228f3f38f1cfe9
    tag: 1.0.1
  yum (~> 3.3.2)
  yum-epel (~> 0.5.1)
  yum-ius (~> 0.3.0)
  yum-webtatic (~> 0.4.0)

GRAPH
  7-zip (1.0.2)
    windows (>= 1.2.2)
  apache2 (1.8.14)
  apt (2.4.0)
  ark (0.9.0)
    7-zip (>= 0.0.0)
    windows (>= 0.0.0)
  aws (2.7.2)
  bluepill (2.3.1)
    rsyslog (>= 0.0.0)
  build-essential (1.4.4)
  chef-solo-search (0.5.1)
  chef-sugar (2.0.0)
  chef-varnish (1.0.5)
    apt (>= 0.0.0)
    yum (>= 0.0.0)
  chef_handler (1.1.6)
  config-driven-helper (1.4.0)
    apache2 (~> 1.8)
    build-essential (~> 1.4)
    chef-solo-search (~> 0.5.1)
    database (~> 2.0)
    iptables-ng (~> 2.2.0)
    mysql (~> 4.0)
    nginx (< 2.5.0)
    ssh_known_hosts (~> 2.0)
    users (~> 1.7)
  data-bag-merge (0.2.4)
  database (2.0.0)
    aws (>= 0.0.0)
    mysql (>= 1.3.0)
    postgresql (>= 1.0.0)
    xfs (>= 0.0.0)
  elasticsearch (0.3.10)
    ark (>= 0.2.4)
    build-essential (>= 0.0.0)
    java (>= 0.0.0)
    monit (>= 0.0.0)
    xml (>= 0.0.0)
  iis (2.1.2)
    windows (>= 1.2.6)
  iptables (0.13.2)
  iptables-ng (2.2.7)
  java (1.24.0)
  jetty (0.2.0)
    iptables (>= 0.0.0)
    java (>= 0.0.0)
  memcached (1.7.2)
    runit (~> 1.0)
    yum (~> 3.0)
    yum-epel (>= 0.0.0)
  monit (0.7.1)
  mysql (4.0.20)
    build-essential (~> 1.4)
    openssl (~> 1.1)
  nginx (2.4.2)
    apt (~> 2.2)
    bluepill (~> 2.3)
    build-essential (~> 1.4)
    ohai (~> 1.1)
    runit (~> 1.2)
    yum (~> 3.0)
    yum-epel (>= 0.0.0)
  ohai (1.1.12)
  openssl (1.1.0)
  partial_search (1.0.8)
  php (1.3.14)
    build-essential (>= 0.0.0)
    iis (>= 0.0.0)
    mysql (>= 0.0.0)
    windows (>= 0.0.0)
    xml (>= 0.0.0)
    yum-epel (>= 0.0.0)
  php-fpm (0.6.11)
    apt (>= 0.0.0)
    yum (>= 3.0.0)
  postgresql (3.4.16)
    apt (>= 1.9.0)
    build-essential (>= 0.0.0)
    openssl (>= 0.0.0)
  project (0.0.1)
  redisio (1.7.1)
    ulimit (>= 0.1.2)
  rsyslog (1.12.2)
  runit (1.5.10)
    build-essential (>= 0.0.0)
    yum (~> 3.0)
    yum-epel (>= 0.0.0)
  solr (1.0.0)
    jetty (>= 0.0.0)
  ssh_known_hosts (2.0.0)
    partial_search (>= 0.0.0)
  ulimit (0.3.2)
  users (1.8.2)
  windows (1.33.1)
    chef_handler (>= 0.0.0)
  xfs (1.1.0)
  xml (1.2.6)
    build-essential (>= 0.0.0)
    chef-sugar (>= 0.0.0)
  yum (3.3.2)
  yum-epel (0.5.1)
    yum (~> 3.0)
  yum-ius (0.3.0)
    yum (~> 3.0)
    yum-epel (>= 0.0.0)
  yum-webtatic (0.4.0)
    yum (~> 3.0)
    yum-epel (>= 0.0.0)
